
Microsoft Visual Studio Solution File, Format Version 12.00
# Blend for Visual Studio Version 17
VisualStudioVersion = 17.3.32922.545
MinimumVisualStudioVersion = 10.0.40219.1
Project("{9A19103F-16F7-4668-BE54-9A1E7A4F7556}") = "MoZhiMusicPlayer_GithubAuthor_XiangCheng", "MoZhiMusicPlayer_GithubAuthor_XiangCheng\MoZhiMusicPlayer_GithubAuthor_XiangCheng.csproj", "{DE9CE32C-9228-443F-90AE-3709337AFBE4}"
EndProject
Project("{9A19103F-16F7-4668-BE54-9A1E7A4F7556}") = "MoZhiMusic_Ultimate", "MoZhiMusic_Ultimate\MoZhiMusic_Ultimate.csproj", "{783B423A-06CF-45DE-81A5-C08C877BB655}"
EndProject
Global
	GlobalSection(SolutionConfigurationPlatforms) = preSolution
		Debug|Any CPU = Debug|Any CPU
		Release|Any CPU = Release|Any CPU
	EndGlobalSection
	GlobalSection(ProjectConfigurationPlatforms) = postSolution
		{DE9CE32C-9228-443F-90AE-3709337AFBE4}.Debug|Any CPU.ActiveCfg = Debug|Any CPU
		{DE9CE32C-9228-443F-90AE-3709337AFBE4}.Debug|Any CPU.Build.0 = Debug|Any CPU
		{DE9CE32C-9228-443F-90AE-3709337AFBE4}.Release|Any CPU.ActiveCfg = Release|Any CPU
		{DE9CE32C-9228-443F-90AE-3709337AFBE4}.Release|Any CPU.Build.0 = Release|Any CPU
		{783B423A-06CF-45DE-81A5-C08C877BB655}.Debug|Any CPU.ActiveCfg = Debug|Any CPU
		{783B423A-06CF-45DE-81A5-C08C877BB655}.Debug|Any CPU.Build.0 = Debug|Any CPU
		{783B423A-06CF-45DE-81A5-C08C877BB655}.Release|Any CPU.ActiveCfg = Release|Any CPU
		{783B423A-06CF-45DE-81A5-C08C877BB655}.Release|Any CPU.Build.0 = Release|Any CPU
	EndGlobalSection
	GlobalSection(SolutionProperties) = preSolution
		HideSolutionNode = FALSE
	EndGlobalSection
	GlobalSection(ExtensibilityGlobals) = postSolution
		SolutionGuid = {645BC6AC-DA8E-45B4-AC31-3C81922CBFF4}
	EndGlobalSection
EndGlobal
