
Microsoft Visual Studio Solution File, Format Version 12.00
# Visual Studio Version 17
VisualStudioVersion = 17.3.32922.545
MinimumVisualStudioVersion = 10.0.40219.1
Project("{9A19103F-16F7-4668-BE54-9A1E7A4F7556}") = "NSMusicS", "NSMusicS\NSMusicS.csproj", "{6FFC37EA-2D44-47F1-ADF2-9C1CEFC5CD1C}"
EndProject
Project("{9A19103F-16F7-4668-BE54-9A1E7A4F7556}") = "NSMusicS_For_Knowledge_Graph", "NSMusicS_For_Knowledge_Graph\NSMusicS_For_Knowledge_Graph.csproj", "{73C5149C-F2EE-420F-A39F-70A2ADFCFBB6}"
EndProject
Project("{888888A0-9F3D-457C-B088-3A5042F75D52}") = "Speech_Denoising", "NSMusicS_For_PythonApp_Of_AudioProcessing_AlgorithmServices\Speech_Denoising\Speech_Denoising.pyproj", "{E5202914-B87F-4043-8A2D-6BC5311DA880}"
EndProject
Global
	GlobalSection(SolutionConfigurationPlatforms) = preSolution
		Debug|Any CPU = Debug|Any CPU
		Debug|ARM64 = Debug|ARM64
		Debug|x64 = Debug|x64
		Debug|x86 = Debug|x86
		Release|Any CPU = Release|Any CPU
		Release|ARM64 = Release|ARM64
		Release|x64 = Release|x64
		Release|x86 = Release|x86
	EndGlobalSection
	GlobalSection(ProjectConfigurationPlatforms) = postSolution
		{6FFC37EA-2D44-47F1-ADF2-9C1CEFC5CD1C}.Debug|Any CPU.ActiveCfg = Debug|Any CPU
		{6FFC37EA-2D44-47F1-ADF2-9C1CEFC5CD1C}.Debug|Any CPU.Build.0 = Debug|Any CPU
		{6FFC37EA-2D44-47F1-ADF2-9C1CEFC5CD1C}.Debug|ARM64.ActiveCfg = Debug|Any CPU
		{6FFC37EA-2D44-47F1-ADF2-9C1CEFC5CD1C}.Debug|ARM64.Build.0 = Debug|Any CPU
		{6FFC37EA-2D44-47F1-ADF2-9C1CEFC5CD1C}.Debug|x64.ActiveCfg = Debug|Any CPU
		{6FFC37EA-2D44-47F1-ADF2-9C1CEFC5CD1C}.Debug|x64.Build.0 = Debug|Any CPU
		{6FFC37EA-2D44-47F1-ADF2-9C1CEFC5CD1C}.Debug|x86.ActiveCfg = Debug|Any CPU
		{6FFC37EA-2D44-47F1-ADF2-9C1CEFC5CD1C}.Debug|x86.Build.0 = Debug|Any CPU
		{6FFC37EA-2D44-47F1-ADF2-9C1CEFC5CD1C}.Release|Any CPU.ActiveCfg = Release|Any CPU
		{6FFC37EA-2D44-47F1-ADF2-9C1CEFC5CD1C}.Release|Any CPU.Build.0 = Release|Any CPU
		{6FFC37EA-2D44-47F1-ADF2-9C1CEFC5CD1C}.Release|ARM64.ActiveCfg = Release|Any CPU
		{6FFC37EA-2D44-47F1-ADF2-9C1CEFC5CD1C}.Release|ARM64.Build.0 = Release|Any CPU
		{6FFC37EA-2D44-47F1-ADF2-9C1CEFC5CD1C}.Release|x64.ActiveCfg = Release|Any CPU
		{6FFC37EA-2D44-47F1-ADF2-9C1CEFC5CD1C}.Release|x64.Build.0 = Release|Any CPU
		{6FFC37EA-2D44-47F1-ADF2-9C1CEFC5CD1C}.Release|x86.ActiveCfg = Release|Any CPU
		{6FFC37EA-2D44-47F1-ADF2-9C1CEFC5CD1C}.Release|x86.Build.0 = Release|Any CPU
		{73C5149C-F2EE-420F-A39F-70A2ADFCFBB6}.Debug|Any CPU.ActiveCfg = Debug|Any CPU
		{73C5149C-F2EE-420F-A39F-70A2ADFCFBB6}.Debug|Any CPU.Build.0 = Debug|Any CPU
		{73C5149C-F2EE-420F-A39F-70A2ADFCFBB6}.Debug|ARM64.ActiveCfg = Debug|Any CPU
		{73C5149C-F2EE-420F-A39F-70A2ADFCFBB6}.Debug|x64.ActiveCfg = Debug|Any CPU
		{73C5149C-F2EE-420F-A39F-70A2ADFCFBB6}.Debug|x86.ActiveCfg = Debug|Any CPU
		{73C5149C-F2EE-420F-A39F-70A2ADFCFBB6}.Release|Any CPU.ActiveCfg = Release|Any CPU
		{73C5149C-F2EE-420F-A39F-70A2ADFCFBB6}.Release|Any CPU.Build.0 = Release|Any CPU
		{73C5149C-F2EE-420F-A39F-70A2ADFCFBB6}.Release|ARM64.ActiveCfg = Release|Any CPU
		{73C5149C-F2EE-420F-A39F-70A2ADFCFBB6}.Release|x64.ActiveCfg = Release|Any CPU
		{73C5149C-F2EE-420F-A39F-70A2ADFCFBB6}.Release|x86.ActiveCfg = Release|Any CPU
		{E5202914-B87F-4043-8A2D-6BC5311DA880}.Debug|Any CPU.ActiveCfg = Debug|Any CPU
		{E5202914-B87F-4043-8A2D-6BC5311DA880}.Debug|ARM64.ActiveCfg = Debug|Any CPU
		{E5202914-B87F-4043-8A2D-6BC5311DA880}.Debug|x64.ActiveCfg = Debug|Any CPU
		{E5202914-B87F-4043-8A2D-6BC5311DA880}.Debug|x86.ActiveCfg = Debug|Any CPU
		{E5202914-B87F-4043-8A2D-6BC5311DA880}.Release|Any CPU.ActiveCfg = Release|Any CPU
		{E5202914-B87F-4043-8A2D-6BC5311DA880}.Release|ARM64.ActiveCfg = Release|Any CPU
		{E5202914-B87F-4043-8A2D-6BC5311DA880}.Release|x64.ActiveCfg = Release|Any CPU
		{E5202914-B87F-4043-8A2D-6BC5311DA880}.Release|x86.ActiveCfg = Release|Any CPU
	EndGlobalSection
	GlobalSection(SolutionProperties) = preSolution
		HideSolutionNode = FALSE
	EndGlobalSection
	GlobalSection(ExtensibilityGlobals) = postSolution
		SolutionGuid = {645BC6AC-DA8E-45B4-AC31-3C81922CBFF4}
	EndGlobalSection
EndGlobal
