
Microsoft Visual Studio Solution File, Format Version 12.00
# Visual Studio Version 17
VisualStudioVersion = 17.3.32922.545
MinimumVisualStudioVersion = 10.0.40219.1
Project("{9A19103F-16F7-4668-BE54-9A1E7A4F7556}") = "NSMusicS_Lottie_Begin", "NSMusicS_Lottie_Begin\NSMusicS_Lottie_Begin.csproj", "{19D03D86-0909-4788-A31A-2976A68D73B3}"
EndProject
Project("{9A19103F-16F7-4668-BE54-9A1E7A4F7556}") = "NSMusicS_Sound_Plugin", "NSMusicS_Sound_Plugin\NSMusicS_Sound_Plugin.csproj", "{8202D41F-7CED-46B3-AB26-F0125CDD6673}"
EndProject
Project("{9A19103F-16F7-4668-BE54-9A1E7A4F7556}") = "NSMusicS", "NSMusicS\NSMusicS.csproj", "{6FFC37EA-2D44-47F1-ADF2-9C1CEFC5CD1C}"
EndProject
Project("{FAE04EC0-301F-11D3-BF4B-00C04F79EFBC}") = "NSMusicS_For_Flutter", "NSMusicS_For_Flutter\NSMusicS_For_Flutter.csproj", "{63741F87-B95A-4EB4-8D8D-0FA0BCA61CE0}"
EndProject
Global
	GlobalSection(SolutionConfigurationPlatforms) = preSolution
		Debug|Any CPU = Debug|Any CPU
		Release|Any CPU = Release|Any CPU
	EndGlobalSection
	GlobalSection(ProjectConfigurationPlatforms) = postSolution
		{19D03D86-0909-4788-A31A-2976A68D73B3}.Debug|Any CPU.ActiveCfg = Debug|Any CPU
		{19D03D86-0909-4788-A31A-2976A68D73B3}.Debug|Any CPU.Build.0 = Debug|Any CPU
		{19D03D86-0909-4788-A31A-2976A68D73B3}.Release|Any CPU.ActiveCfg = Release|Any CPU
		{19D03D86-0909-4788-A31A-2976A68D73B3}.Release|Any CPU.Build.0 = Release|Any CPU
		{8202D41F-7CED-46B3-AB26-F0125CDD6673}.Debug|Any CPU.ActiveCfg = Debug|Any CPU
		{8202D41F-7CED-46B3-AB26-F0125CDD6673}.Debug|Any CPU.Build.0 = Debug|Any CPU
		{8202D41F-7CED-46B3-AB26-F0125CDD6673}.Release|Any CPU.ActiveCfg = Release|Any CPU
		{8202D41F-7CED-46B3-AB26-F0125CDD6673}.Release|Any CPU.Build.0 = Release|Any CPU
		{6FFC37EA-2D44-47F1-ADF2-9C1CEFC5CD1C}.Debug|Any CPU.ActiveCfg = Debug|Any CPU
		{6FFC37EA-2D44-47F1-ADF2-9C1CEFC5CD1C}.Debug|Any CPU.Build.0 = Debug|Any CPU
		{6FFC37EA-2D44-47F1-ADF2-9C1CEFC5CD1C}.Release|Any CPU.ActiveCfg = Release|Any CPU
		{6FFC37EA-2D44-47F1-ADF2-9C1CEFC5CD1C}.Release|Any CPU.Build.0 = Release|Any CPU
		{63741F87-B95A-4EB4-8D8D-0FA0BCA61CE0}.Debug|Any CPU.ActiveCfg = Debug|Any CPU
		{63741F87-B95A-4EB4-8D8D-0FA0BCA61CE0}.Debug|Any CPU.Build.0 = Debug|Any CPU
		{63741F87-B95A-4EB4-8D8D-0FA0BCA61CE0}.Release|Any CPU.ActiveCfg = Release|Any CPU
		{63741F87-B95A-4EB4-8D8D-0FA0BCA61CE0}.Release|Any CPU.Build.0 = Release|Any CPU
	EndGlobalSection
	GlobalSection(SolutionProperties) = preSolution
		HideSolutionNode = FALSE
	EndGlobalSection
	GlobalSection(ExtensibilityGlobals) = postSolution
		SolutionGuid = {645BC6AC-DA8E-45B4-AC31-3C81922CBFF4}
	EndGlobalSection
EndGlobal
