
Microsoft Visual Studio Solution File, Format Version 12.00
# Visual Studio Version 17
VisualStudioVersion = 17.2.32630.192
MinimumVisualStudioVersion = 10.0.40219.1
Project("{FAE04EC0-301F-11D3-BF4B-00C04F79EFBC}") = "墨智音乐_3.0.1", "墨智音乐_3.0.1\墨智音乐_3.0.1.csproj", "{E8C46005-F2C8-4215-A8FB-07219859613E}"
EndProject
Global
	GlobalSection(SolutionConfigurationPlatforms) = preSolution
		Debug|Any CPU = Debug|Any CPU
		Debug|x86 = Debug|x86
		Release|Any CPU = Release|Any CPU
		Release|x86 = Release|x86
	EndGlobalSection
	GlobalSection(ProjectConfigurationPlatforms) = postSolution
		{E8C46005-F2C8-4215-A8FB-07219859613E}.Debug|Any CPU.ActiveCfg = Debug|Any CPU
		{E8C46005-F2C8-4215-A8FB-07219859613E}.Debug|Any CPU.Build.0 = Debug|Any CPU
		{E8C46005-F2C8-4215-A8FB-07219859613E}.Debug|x86.ActiveCfg = Debug|Any CPU
		{E8C46005-F2C8-4215-A8FB-07219859613E}.Debug|x86.Build.0 = Debug|Any CPU
		{E8C46005-F2C8-4215-A8FB-07219859613E}.Release|Any CPU.ActiveCfg = Release|Any CPU
		{E8C46005-F2C8-4215-A8FB-07219859613E}.Release|Any CPU.Build.0 = Release|Any CPU
		{E8C46005-F2C8-4215-A8FB-07219859613E}.Release|x86.ActiveCfg = Release|Any CPU
		{E8C46005-F2C8-4215-A8FB-07219859613E}.Release|x86.Build.0 = Release|Any CPU
	EndGlobalSection
	GlobalSection(SolutionProperties) = preSolution
		HideSolutionNode = FALSE
	EndGlobalSection
	GlobalSection(ExtensibilityGlobals) = postSolution
		SolutionGuid = {42F9209C-441E-4C76-B457-30727E8E00DB}
	EndGlobalSection
EndGlobal
