
Microsoft Visual Studio Solution File, Format Version 12.00
# Visual Studio Version 17
VisualStudioVersion = 17.8.34322.80
MinimumVisualStudioVersion = 10.0.40219.1
Project("{FAE04EC0-301F-11D3-BF4B-00C04F79EFBC}") = "NSMusicS_For_Knowledge_Graph", "NSMusicS_For_Knowledge_Graph.csproj", "{0A446132-C32D-4EE7-B29B-3054F92DBFBA}"
EndProject
Global
	GlobalSection(SolutionConfigurationPlatforms) = preSolution
		Debug|Any CPU = Debug|Any CPU
		Release|Any CPU = Release|Any CPU
	EndGlobalSection
	GlobalSection(ProjectConfigurationPlatforms) = postSolution
		{0A446132-C32D-4EE7-B29B-3054F92DBFBA}.Debug|Any CPU.ActiveCfg = Debug|Any CPU
		{0A446132-C32D-4EE7-B29B-3054F92DBFBA}.Debug|Any CPU.Build.0 = Debug|Any CPU
		{0A446132-C32D-4EE7-B29B-3054F92DBFBA}.Release|Any CPU.ActiveCfg = Release|Any CPU
		{0A446132-C32D-4EE7-B29B-3054F92DBFBA}.Release|Any CPU.Build.0 = Release|Any CPU
	EndGlobalSection
	GlobalSection(SolutionProperties) = preSolution
		HideSolutionNode = FALSE
	EndGlobalSection
	GlobalSection(ExtensibilityGlobals) = postSolution
		SolutionGuid = {5F1EE4D2-0EE5-4902-81FE-2658C5BB86F3}
	EndGlobalSection
EndGlobal
