
Microsoft Visual Studio Solution File, Format Version 12.00
# Visual Studio Version 17
VisualStudioVersion = 17.3.32811.315
MinimumVisualStudioVersion = 10.0.40219.1
Project("{FAE04EC0-301F-11D3-BF4B-00C04F79EFBC}") = "本地歌曲扫描_手动添加音乐", "本地歌曲扫描_手动添加音乐\本地歌曲扫描_手动添加音乐.csproj", "{C5544191-824D-4ABB-9C58-CC4533884055}"
EndProject
Project("{9A19103F-16F7-4668-BE54-9A1E7A4F7556}") = "本地歌曲扫描", "..\本地歌曲扫描\本地歌曲扫描\本地歌曲扫描.csproj", "{2D0F7ED3-0645-460C-B16D-88F604E69BE5}"
EndProject
Global
	GlobalSection(SolutionConfigurationPlatforms) = preSolution
		Debug|Any CPU = Debug|Any CPU
		Release|Any CPU = Release|Any CPU
	EndGlobalSection
	GlobalSection(ProjectConfigurationPlatforms) = postSolution
		{C5544191-824D-4ABB-9C58-CC4533884055}.Debug|Any CPU.ActiveCfg = Debug|Any CPU
		{C5544191-824D-4ABB-9C58-CC4533884055}.Debug|Any CPU.Build.0 = Debug|Any CPU
		{C5544191-824D-4ABB-9C58-CC4533884055}.Release|Any CPU.ActiveCfg = Release|Any CPU
		{C5544191-824D-4ABB-9C58-CC4533884055}.Release|Any CPU.Build.0 = Release|Any CPU
		{2D0F7ED3-0645-460C-B16D-88F604E69BE5}.Debug|Any CPU.ActiveCfg = Debug|Any CPU
		{2D0F7ED3-0645-460C-B16D-88F604E69BE5}.Debug|Any CPU.Build.0 = Debug|Any CPU
		{2D0F7ED3-0645-460C-B16D-88F604E69BE5}.Release|Any CPU.ActiveCfg = Release|Any CPU
		{2D0F7ED3-0645-460C-B16D-88F604E69BE5}.Release|Any CPU.Build.0 = Release|Any CPU
	EndGlobalSection
	GlobalSection(SolutionProperties) = preSolution
		HideSolutionNode = FALSE
	EndGlobalSection
	GlobalSection(ExtensibilityGlobals) = postSolution
		SolutionGuid = {C7DB300A-A0A1-448B-B3A7-C3BFDAB1F3F7}
	EndGlobalSection
EndGlobal
